{
  "version": 4,
  "terraform_version": "1.0.0",
  "serial": 3,
  "lineage": "338f4ccf-48e3-573e-ddcc-7ccffa767ebd",
  "outputs": {},
  "resources": [
    {
      "mode": "managed",
      "type": "google_storage_bucket",
      "name": "default",
      "provider": "provider[\"registry.terraform.io/hashicorp/google\"]",
      "instances": [
        {
          "schema_version": 0,
          "attributes": {
            "bucket_policy_only": false,
            "cors": [],
            "default_event_based_hold": false,
            "encryption": [],
            "force_destroy": false,
            "id": "tf_start_bucket_test",
            "labels": null,
            "lifecycle_rule": [],
            "location": "US-CENTRAL1",
            "logging": [],
            "name": "tf_start_bucket_test",
            "project": "acn-anz-agbg-cop",
            "requester_pays": false,
            "retention_policy": [],
            "self_link": "https://www.googleapis.com/storage/v1/b/tf_start_bucket_test",
            "storage_class": "REGIONAL",
            "uniform_bucket_level_access": false,
            "url": "gs://tf_start_bucket_test",
            "versioning": [],
            "website": []
          },
          "sensitive_attributes": [],
          "private": "bnVsbA=="
        }
      ]
    }
  ]
}
